
Microsoft Visual Studio Solution File, Format Version 12.00
# Visual Studio Version 16
VisualStudioVersion = 16.0.29609.76
MinimumVisualStudioVersion = 10.0.40219.1
Project("{FAE04EC0-301F-11D3-BF4B-00C04F79EFBC}") = "ActTracker", "ActTracker.csproj", "{2023AAA3-0E28-4B0E-BD1F-912DFD27A713}"
EndProject
Global
	GlobalSection(SolutionConfigurationPlatforms) = preSolution
		Debug|Any CPU = Debug|Any CPU
		Release|Any CPU = Release|Any CPU
	EndGlobalSection
	GlobalSection(ProjectConfigurationPlatforms) = postSolution
		{2023AAA3-0E28-4B0E-BD1F-912DFD27A713}.Debug|Any CPU.ActiveCfg = Debug|Any CPU
		{2023AAA3-0E28-4B0E-BD1F-912DFD27A713}.Debug|Any CPU.Build.0 = Debug|Any CPU
		{2023AAA3-0E28-4B0E-BD1F-912DFD27A713}.Release|Any CPU.ActiveCfg = Release|Any CPU
		{2023AAA3-0E28-4B0E-BD1F-912DFD27A713}.Release|Any CPU.Build.0 = Release|Any CPU
	EndGlobalSection
	GlobalSection(SolutionProperties) = preSolution
		HideSolutionNode = FALSE
	EndGlobalSection
	GlobalSection(ExtensibilityGlobals) = postSolution
		SolutionGuid = {9210D09C-B29F-4CE4-AE7B-4815E7691F64}
	EndGlobalSection
EndGlobal
